
Microsoft Visual Studio Solution File, Format Version 12.00
# Visual Studio Version 16
VisualStudioVersion = 16.0.29806.167
MinimumVisualStudioVersion = 10.0.40219.1
Project("{9A19103F-16F7-4668-BE54-9A1E7A4F7556}") = "ArchBench.PlugIns", "ArchBench.PlugIns\ArchBench.PlugIns.csproj", "{3674E873-4DFE-4296-8D75-9869AC6A9EC1}"
EndProject
Project("{2150E333-8FDC-42A3-9474-1A3956D46DE8}") = "Solution Items", "Solution Items", "{65C126B9-185B-4E1E-B6F0-8A5ED63ED9C6}"
	ProjectSection(SolutionItems) = preProject
		HttpServer\HttpServer.dll = HttpServer\HttpServer.dll
	EndProjectSection
EndProject
Project("{2150E333-8FDC-42A3-9474-1A3956D46DE8}") = "PlugIns", "PlugIns", "{5DF8506A-53A8-4D38-9794-83EA082925E5}"
EndProject
Project("{FAE04EC0-301F-11D3-BF4B-00C04F79EFBC}") = "ArchBench.Server", "ArchBench.Server\ArchBench.Server.csproj", "{6E27897A-D0AB-4F1F-92EF-F1079CF0416E}"
EndProject
Project("{FAE04EC0-301F-11D3-BF4B-00C04F79EFBC}") = "ArchBench.PlugIns.Hello", "ArchBench.PlugIns.Hello\ArchBench.PlugIns.Hello.csproj", "{EED7ED91-2E76-4449-9AA6-0ADDF7C86803}"
EndProject
Project("{FAE04EC0-301F-11D3-BF4B-00C04F79EFBC}") = "ArchBench.PlugIns.DispatcherServer", "ArchBench.PlugIns.DispatcherServer\ArchBench.PlugIns.DispatcherServer\ArchBench.PlugIns.DispatcherServer.csproj", "{D285C411-36AD-4EB7-85B9-63F1290A13C5}"
EndProject
Project("{FAE04EC0-301F-11D3-BF4B-00C04F79EFBC}") = "ArchBench.PlugIns.Dispatcher", "ArchBench.PlugIns.Dispatcher\ArchBench.PlugIns.Dispatcher.csproj", "{40C1FE60-5EB2-4B5E-959E-2D5DF651EE22}"
EndProject
Project("{FAE04EC0-301F-11D3-BF4B-00C04F79EFBC}") = "ArchBench.PlugIns.BrokerServer", "ArchBench.PlugIns.BrokerServer\ArchBench.PlugIns.BrokerServer.csproj", "{FDF6A3C6-9E70-473A-88A9-D7CF0B60F1AD}"
EndProject
Project("{FAE04EC0-301F-11D3-BF4B-00C04F79EFBC}") = "ArchBench.PlugIns.Broker", "ArchBench.PlugIns.Broker\ArchBench.PlugIns.Broker.csproj", "{6C14EAFA-E5C1-47E8-8B3A-591067E1DC77}"
EndProject
Project("{FAE04EC0-301F-11D3-BF4B-00C04F79EFBC}") = "ArchBench.PlugIns.HelloBroker", "ArchBench.PlugIns.HelloBroker\ArchBench.PlugIns.HelloBroker.csproj", "{90B9C6AB-7407-488B-815B-18DB94018927}"
EndProject
Global
	GlobalSection(SolutionConfigurationPlatforms) = preSolution
		Debug|Any CPU = Debug|Any CPU
		Release|Any CPU = Release|Any CPU
	EndGlobalSection
	GlobalSection(ProjectConfigurationPlatforms) = postSolution
		{3674E873-4DFE-4296-8D75-9869AC6A9EC1}.Debug|Any CPU.ActiveCfg = Debug|Any CPU
		{3674E873-4DFE-4296-8D75-9869AC6A9EC1}.Debug|Any CPU.Build.0 = Debug|Any CPU
		{3674E873-4DFE-4296-8D75-9869AC6A9EC1}.Release|Any CPU.ActiveCfg = Release|Any CPU
		{3674E873-4DFE-4296-8D75-9869AC6A9EC1}.Release|Any CPU.Build.0 = Release|Any CPU
		{6E27897A-D0AB-4F1F-92EF-F1079CF0416E}.Debug|Any CPU.ActiveCfg = Debug|Any CPU
		{6E27897A-D0AB-4F1F-92EF-F1079CF0416E}.Debug|Any CPU.Build.0 = Debug|Any CPU
		{6E27897A-D0AB-4F1F-92EF-F1079CF0416E}.Release|Any CPU.ActiveCfg = Release|Any CPU
		{6E27897A-D0AB-4F1F-92EF-F1079CF0416E}.Release|Any CPU.Build.0 = Release|Any CPU
		{EED7ED91-2E76-4449-9AA6-0ADDF7C86803}.Debug|Any CPU.ActiveCfg = Debug|Any CPU
		{EED7ED91-2E76-4449-9AA6-0ADDF7C86803}.Debug|Any CPU.Build.0 = Debug|Any CPU
		{EED7ED91-2E76-4449-9AA6-0ADDF7C86803}.Release|Any CPU.ActiveCfg = Release|Any CPU
		{EED7ED91-2E76-4449-9AA6-0ADDF7C86803}.Release|Any CPU.Build.0 = Release|Any CPU
		{D285C411-36AD-4EB7-85B9-63F1290A13C5}.Debug|Any CPU.ActiveCfg = Debug|Any CPU
		{D285C411-36AD-4EB7-85B9-63F1290A13C5}.Debug|Any CPU.Build.0 = Debug|Any CPU
		{D285C411-36AD-4EB7-85B9-63F1290A13C5}.Release|Any CPU.ActiveCfg = Release|Any CPU
		{D285C411-36AD-4EB7-85B9-63F1290A13C5}.Release|Any CPU.Build.0 = Release|Any CPU
		{40C1FE60-5EB2-4B5E-959E-2D5DF651EE22}.Debug|Any CPU.ActiveCfg = Debug|Any CPU
		{40C1FE60-5EB2-4B5E-959E-2D5DF651EE22}.Debug|Any CPU.Build.0 = Debug|Any CPU
		{40C1FE60-5EB2-4B5E-959E-2D5DF651EE22}.Release|Any CPU.ActiveCfg = Release|Any CPU
		{40C1FE60-5EB2-4B5E-959E-2D5DF651EE22}.Release|Any CPU.Build.0 = Release|Any CPU
		{FDF6A3C6-9E70-473A-88A9-D7CF0B60F1AD}.Debug|Any CPU.ActiveCfg = Debug|Any CPU
		{FDF6A3C6-9E70-473A-88A9-D7CF0B60F1AD}.Debug|Any CPU.Build.0 = Debug|Any CPU
		{FDF6A3C6-9E70-473A-88A9-D7CF0B60F1AD}.Release|Any CPU.ActiveCfg = Release|Any CPU
		{FDF6A3C6-9E70-473A-88A9-D7CF0B60F1AD}.Release|Any CPU.Build.0 = Release|Any CPU
		{6C14EAFA-E5C1-47E8-8B3A-591067E1DC77}.Debug|Any CPU.ActiveCfg = Debug|Any CPU
		{6C14EAFA-E5C1-47E8-8B3A-591067E1DC77}.Debug|Any CPU.Build.0 = Debug|Any CPU
		{6C14EAFA-E5C1-47E8-8B3A-591067E1DC77}.Release|Any CPU.ActiveCfg = Release|Any CPU
		{6C14EAFA-E5C1-47E8-8B3A-591067E1DC77}.Release|Any CPU.Build.0 = Release|Any CPU
		{90B9C6AB-7407-488B-815B-18DB94018927}.Debug|Any CPU.ActiveCfg = Debug|Any CPU
		{90B9C6AB-7407-488B-815B-18DB94018927}.Debug|Any CPU.Build.0 = Debug|Any CPU
		{90B9C6AB-7407-488B-815B-18DB94018927}.Release|Any CPU.ActiveCfg = Release|Any CPU
		{90B9C6AB-7407-488B-815B-18DB94018927}.Release|Any CPU.Build.0 = Release|Any CPU
	EndGlobalSection
	GlobalSection(SolutionProperties) = preSolution
		HideSolutionNode = FALSE
	EndGlobalSection
	GlobalSection(ExtensibilityGlobals) = postSolution
		SolutionGuid = {C42B325A-90CB-42B0-9191-4873159191C3}
	EndGlobalSection
	GlobalSection(NestedProjects) = preSolution
		{EED7ED91-2E76-4449-9AA6-0ADDF7C86803} = {5DF8506A-53A8-4D38-9794-83EA082925E5}
		{D285C411-36AD-4EB7-85B9-63F1290A13C5} = {5DF8506A-53A8-4D38-9794-83EA082925E5}
		{40C1FE60-5EB2-4B5E-959E-2D5DF651EE22} = {5DF8506A-53A8-4D38-9794-83EA082925E5}
		{FDF6A3C6-9E70-473A-88A9-D7CF0B60F1AD} = {5DF8506A-53A8-4D38-9794-83EA082925E5}
		{6C14EAFA-E5C1-47E8-8B3A-591067E1DC77} = {5DF8506A-53A8-4D38-9794-83EA082925E5}
		{90B9C6AB-7407-488B-815B-18DB94018927} = {5DF8506A-53A8-4D38-9794-83EA082925E5}
	EndGlobalSection
EndGlobal
